
Microsoft Visual Studio Solution File, Format Version 12.00
# Visual Studio Version 17
VisualStudioVersion = 17.12.35527.113
MinimumVisualStudioVersion = 10.0.40219.1
Project("{2150E333-8FDC-42A3-9474-1A3956D46DE8}") = "Task0", "Task0", "{971E3390-C00B-49A6-80B1-127FD30EDF8C}"
EndProject
Project("{FAE04EC0-301F-11D3-BF4B-00C04F79EFBC}") = "Tyuiu.ShindinDN.Sprint6.Task0.V4.Lib", "Tyuiu.ShindinDN.Sprint6.Task0.V4.Lib\Tyuiu.ShindinDN.Sprint6.Task0.V4.Lib.csproj", "{34A0292E-9E34-40E6-B47E-4EE8011BD825}"
EndProject
Project("{FAE04EC0-301F-11D3-BF4B-00C04F79EFBC}") = "Tyuiu.ShindinDN.Sprint6.Task0.V4.Test", "Tyuiu.ShindinDN.Sprint6.Task0.V4.Test\Tyuiu.ShindinDN.Sprint6.Task0.V4.Test.csproj", "{9D42AFC5-25A5-46AB-B780-834A4ECFDF82}"
EndProject
Project("{FAE04EC0-301F-11D3-BF4B-00C04F79EFBC}") = "Tyuiu.ShindinDN.Sprint6.Task0.V4", "Tyuiu.ShindinDN.Sprint6.Task0.V4\Tyuiu.ShindinDN.Sprint6.Task0.V4.csproj", "{2A908976-EB19-4D2D-A005-6A11FD7EED39}"
EndProject
Project("{2150E333-8FDC-42A3-9474-1A3956D46DE8}") = "Task1", "Task1", "{A7B390EE-484F-4A42-81F5-BBCC291C8AAD}"
EndProject
Project("{FAE04EC0-301F-11D3-BF4B-00C04F79EFBC}") = "Tyuiu.ShindinDN.Sprint6.Task1.V7", "Tyuiu.ShindinDN.Sprint6.Task1.V7\Tyuiu.ShindinDN.Sprint6.Task1.V7.csproj", "{FF37D1C8-8C38-4C2D-8423-A5C3C9AE6901}"
EndProject
Project("{FAE04EC0-301F-11D3-BF4B-00C04F79EFBC}") = "Tyuiu.ShindinDN.Sprint6.Task1.V7.Lib", "Tyuiu.ShindinDN.Sprint6.Task1.V7.Lib\Tyuiu.ShindinDN.Sprint6.Task1.V7.Lib.csproj", "{F9DDBD35-0391-45C4-93AC-6C5B9D05E07F}"
EndProject
Project("{FAE04EC0-301F-11D3-BF4B-00C04F79EFBC}") = "Tyuiu.ShindinDN.Sprint6.Task1.V7.Test", "Tyuiu.ShindinDN.Sprint6.Task1.V7.Test\Tyuiu.ShindinDN.Sprint6.Task1.V7.Test.csproj", "{25DA2448-BAEF-4343-AFCB-5556753720F4}"
EndProject
Project("{2150E333-8FDC-42A3-9474-1A3956D46DE8}") = "Task2", "Task2", "{202BB752-3B5A-4AE9-8BA0-D1225C9A9E33}"
EndProject
Project("{FAE04EC0-301F-11D3-BF4B-00C04F79EFBC}") = "Tyuiu.ShindinDN.Sprint6.Task2.V29", "Tyuiu.ShindinDN.Sprint6.Task2.V29\Tyuiu.ShindinDN.Sprint6.Task2.V29.csproj", "{09765B3D-AEE4-427C-A7AC-458FEE893FB0}"
EndProject
Project("{FAE04EC0-301F-11D3-BF4B-00C04F79EFBC}") = "Tyuiu.ShindinDN.Sprint6.Task2.V29.Lib", "Tyuiu.ShindinDN.Sprint6.Task2.V29.Lib\Tyuiu.ShindinDN.Sprint6.Task2.V29.Lib.csproj", "{78BD6DDC-132A-4BBC-A459-E2D91AAE6CE3}"
EndProject
Project("{FAE04EC0-301F-11D3-BF4B-00C04F79EFBC}") = "Tyuiu.ShindinDN.Sprint6.Task2.V29.Test", "Tyuiu.ShindinDN.Sprint6.Task2.V29.Test\Tyuiu.ShindinDN.Sprint6.Task2.V29.Test.csproj", "{9E41362E-96C7-4986-ABE2-3364D732EBB4}"
EndProject
Project("{2150E333-8FDC-42A3-9474-1A3956D46DE8}") = "Task3", "Task3", "{206DC9EE-021B-41AD-8DBA-67E0E86E1DB7}"
EndProject
Project("{FAE04EC0-301F-11D3-BF4B-00C04F79EFBC}") = "Tyuiu.ShindinDN.Sprint6.Task3.V15", "Tyuiu.ShindinDN.Sprint6.Task3.V15\Tyuiu.ShindinDN.Sprint6.Task3.V15.csproj", "{8AFBA4DA-30F9-43AD-9CC3-E300B9A3F7BF}"
EndProject
Project("{FAE04EC0-301F-11D3-BF4B-00C04F79EFBC}") = "Tyuiu.ShindinDN.Sprint6.Task3.V15.Lib", "Tyuiu.ShindinDN.Sprint6.Task3.V15.Lib\Tyuiu.ShindinDN.Sprint6.Task3.V15.Lib.csproj", "{E1162336-8EF2-4FA1-B08D-73671831D891}"
EndProject
Project("{FAE04EC0-301F-11D3-BF4B-00C04F79EFBC}") = "Tyuiu.ShindinDN.Sprint6.Task3.V15.Test", "Tyuiu.ShindinDN.Sprint6.Task3.V15.Test\Tyuiu.ShindinDN.Sprint6.Task3.V15.Test.csproj", "{C50534C0-352E-4F3D-B4A7-C156FCD8F1A2}"
EndProject
Project("{2150E333-8FDC-42A3-9474-1A3956D46DE8}") = "Task4", "Task4", "{5B5F4CFD-5AC2-475C-85FE-9B65425AE60B}"
EndProject
Project("{FAE04EC0-301F-11D3-BF4B-00C04F79EFBC}") = "Tyuiu.ShindinDN.Sprint6.Task4.V2", "Tyuiu.ShindinDN.Sprint6.Task4.V2\Tyuiu.ShindinDN.Sprint6.Task4.V2.csproj", "{8C766914-F86B-4F11-8E93-4686815AFC92}"
EndProject
Project("{FAE04EC0-301F-11D3-BF4B-00C04F79EFBC}") = "Tyuiu.ShindinDN.Sprint6.Task4.V2.Lib", "Tyuiu.ShindinDN.Sprint6.Task4.V2.Lib\Tyuiu.ShindinDN.Sprint6.Task4.V2.Lib.csproj", "{606C41B8-FD63-415B-A03A-8FBBDF431236}"
EndProject
Project("{FAE04EC0-301F-11D3-BF4B-00C04F79EFBC}") = "Tyuiu.ShindinDN.Sprint6.Task4.V2.Test", "Tyuiu.ShindinDN.Sprint6.Task4.V2.Test\Tyuiu.ShindinDN.Sprint6.Task4.V2.Test.csproj", "{DCB43999-09D8-415A-98EB-060AAB620F37}"
EndProject
Global
	GlobalSection(SolutionConfigurationPlatforms) = preSolution
		Debug|Any CPU = Debug|Any CPU
		Release|Any CPU = Release|Any CPU
	EndGlobalSection
	GlobalSection(ProjectConfigurationPlatforms) = postSolution
		{34A0292E-9E34-40E6-B47E-4EE8011BD825}.Debug|Any CPU.ActiveCfg = Debug|Any CPU
		{34A0292E-9E34-40E6-B47E-4EE8011BD825}.Debug|Any CPU.Build.0 = Debug|Any CPU
		{34A0292E-9E34-40E6-B47E-4EE8011BD825}.Release|Any CPU.ActiveCfg = Release|Any CPU
		{34A0292E-9E34-40E6-B47E-4EE8011BD825}.Release|Any CPU.Build.0 = Release|Any CPU
		{9D42AFC5-25A5-46AB-B780-834A4ECFDF82}.Debug|Any CPU.ActiveCfg = Debug|Any CPU
		{9D42AFC5-25A5-46AB-B780-834A4ECFDF82}.Debug|Any CPU.Build.0 = Debug|Any CPU
		{9D42AFC5-25A5-46AB-B780-834A4ECFDF82}.Release|Any CPU.ActiveCfg = Release|Any CPU
		{9D42AFC5-25A5-46AB-B780-834A4ECFDF82}.Release|Any CPU.Build.0 = Release|Any CPU
		{2A908976-EB19-4D2D-A005-6A11FD7EED39}.Debug|Any CPU.ActiveCfg = Debug|Any CPU
		{2A908976-EB19-4D2D-A005-6A11FD7EED39}.Debug|Any CPU.Build.0 = Debug|Any CPU
		{2A908976-EB19-4D2D-A005-6A11FD7EED39}.Release|Any CPU.ActiveCfg = Release|Any CPU
		{2A908976-EB19-4D2D-A005-6A11FD7EED39}.Release|Any CPU.Build.0 = Release|Any CPU
		{FF37D1C8-8C38-4C2D-8423-A5C3C9AE6901}.Debug|Any CPU.ActiveCfg = Debug|Any CPU
		{FF37D1C8-8C38-4C2D-8423-A5C3C9AE6901}.Debug|Any CPU.Build.0 = Debug|Any CPU
		{FF37D1C8-8C38-4C2D-8423-A5C3C9AE6901}.Release|Any CPU.ActiveCfg = Release|Any CPU
		{FF37D1C8-8C38-4C2D-8423-A5C3C9AE6901}.Release|Any CPU.Build.0 = Release|Any CPU
		{F9DDBD35-0391-45C4-93AC-6C5B9D05E07F}.Debug|Any CPU.ActiveCfg = Debug|Any CPU
		{F9DDBD35-0391-45C4-93AC-6C5B9D05E07F}.Debug|Any CPU.Build.0 = Debug|Any CPU
		{F9DDBD35-0391-45C4-93AC-6C5B9D05E07F}.Release|Any CPU.ActiveCfg = Release|Any CPU
		{F9DDBD35-0391-45C4-93AC-6C5B9D05E07F}.Release|Any CPU.Build.0 = Release|Any CPU
		{25DA2448-BAEF-4343-AFCB-5556753720F4}.Debug|Any CPU.ActiveCfg = Debug|Any CPU
		{25DA2448-BAEF-4343-AFCB-5556753720F4}.Debug|Any CPU.Build.0 = Debug|Any CPU
		{25DA2448-BAEF-4343-AFCB-5556753720F4}.Release|Any CPU.ActiveCfg = Release|Any CPU
		{25DA2448-BAEF-4343-AFCB-5556753720F4}.Release|Any CPU.Build.0 = Release|Any CPU
		{09765B3D-AEE4-427C-A7AC-458FEE893FB0}.Debug|Any CPU.ActiveCfg = Debug|Any CPU
		{09765B3D-AEE4-427C-A7AC-458FEE893FB0}.Debug|Any CPU.Build.0 = Debug|Any CPU
		{09765B3D-AEE4-427C-A7AC-458FEE893FB0}.Release|Any CPU.ActiveCfg = Release|Any CPU
		{09765B3D-AEE4-427C-A7AC-458FEE893FB0}.Release|Any CPU.Build.0 = Release|Any CPU
		{78BD6DDC-132A-4BBC-A459-E2D91AAE6CE3}.Debug|Any CPU.ActiveCfg = Debug|Any CPU
		{78BD6DDC-132A-4BBC-A459-E2D91AAE6CE3}.Debug|Any CPU.Build.0 = Debug|Any CPU
		{78BD6DDC-132A-4BBC-A459-E2D91AAE6CE3}.Release|Any CPU.ActiveCfg = Release|Any CPU
		{78BD6DDC-132A-4BBC-A459-E2D91AAE6CE3}.Release|Any CPU.Build.0 = Release|Any CPU
		{9E41362E-96C7-4986-ABE2-3364D732EBB4}.Debug|Any CPU.ActiveCfg = Debug|Any CPU
		{9E41362E-96C7-4986-ABE2-3364D732EBB4}.Debug|Any CPU.Build.0 = Debug|Any CPU
		{9E41362E-96C7-4986-ABE2-3364D732EBB4}.Release|Any CPU.ActiveCfg = Release|Any CPU
		{9E41362E-96C7-4986-ABE2-3364D732EBB4}.Release|Any CPU.Build.0 = Release|Any CPU
		{8AFBA4DA-30F9-43AD-9CC3-E300B9A3F7BF}.Debug|Any CPU.ActiveCfg = Debug|Any CPU
		{8AFBA4DA-30F9-43AD-9CC3-E300B9A3F7BF}.Debug|Any CPU.Build.0 = Debug|Any CPU
		{8AFBA4DA-30F9-43AD-9CC3-E300B9A3F7BF}.Release|Any CPU.ActiveCfg = Release|Any CPU
		{8AFBA4DA-30F9-43AD-9CC3-E300B9A3F7BF}.Release|Any CPU.Build.0 = Release|Any CPU
		{E1162336-8EF2-4FA1-B08D-73671831D891}.Debug|Any CPU.ActiveCfg = Debug|Any CPU
		{E1162336-8EF2-4FA1-B08D-73671831D891}.Debug|Any CPU.Build.0 = Debug|Any CPU
		{E1162336-8EF2-4FA1-B08D-73671831D891}.Release|Any CPU.ActiveCfg = Release|Any CPU
		{E1162336-8EF2-4FA1-B08D-73671831D891}.Release|Any CPU.Build.0 = Release|Any CPU
		{C50534C0-352E-4F3D-B4A7-C156FCD8F1A2}.Debug|Any CPU.ActiveCfg = Debug|Any CPU
		{C50534C0-352E-4F3D-B4A7-C156FCD8F1A2}.Debug|Any CPU.Build.0 = Debug|Any CPU
		{C50534C0-352E-4F3D-B4A7-C156FCD8F1A2}.Release|Any CPU.ActiveCfg = Release|Any CPU
		{C50534C0-352E-4F3D-B4A7-C156FCD8F1A2}.Release|Any CPU.Build.0 = Release|Any CPU
		{8C766914-F86B-4F11-8E93-4686815AFC92}.Debug|Any CPU.ActiveCfg = Debug|Any CPU
		{8C766914-F86B-4F11-8E93-4686815AFC92}.Debug|Any CPU.Build.0 = Debug|Any CPU
		{8C766914-F86B-4F11-8E93-4686815AFC92}.Release|Any CPU.ActiveCfg = Release|Any CPU
		{8C766914-F86B-4F11-8E93-4686815AFC92}.Release|Any CPU.Build.0 = Release|Any CPU
		{606C41B8-FD63-415B-A03A-8FBBDF431236}.Debug|Any CPU.ActiveCfg = Debug|Any CPU
		{606C41B8-FD63-415B-A03A-8FBBDF431236}.Debug|Any CPU.Build.0 = Debug|Any CPU
		{606C41B8-FD63-415B-A03A-8FBBDF431236}.Release|Any CPU.ActiveCfg = Release|Any CPU
		{606C41B8-FD63-415B-A03A-8FBBDF431236}.Release|Any CPU.Build.0 = Release|Any CPU
		{DCB43999-09D8-415A-98EB-060AAB620F37}.Debug|Any CPU.ActiveCfg = Debug|Any CPU
		{DCB43999-09D8-415A-98EB-060AAB620F37}.Debug|Any CPU.Build.0 = Debug|Any CPU
		{DCB43999-09D8-415A-98EB-060AAB620F37}.Release|Any CPU.ActiveCfg = Release|Any CPU
		{DCB43999-09D8-415A-98EB-060AAB620F37}.Release|Any CPU.Build.0 = Release|Any CPU
	EndGlobalSection
	GlobalSection(SolutionProperties) = preSolution
		HideSolutionNode = FALSE
	EndGlobalSection
	GlobalSection(NestedProjects) = preSolution
		{34A0292E-9E34-40E6-B47E-4EE8011BD825} = {971E3390-C00B-49A6-80B1-127FD30EDF8C}
		{9D42AFC5-25A5-46AB-B780-834A4ECFDF82} = {971E3390-C00B-49A6-80B1-127FD30EDF8C}
		{2A908976-EB19-4D2D-A005-6A11FD7EED39} = {971E3390-C00B-49A6-80B1-127FD30EDF8C}
		{FF37D1C8-8C38-4C2D-8423-A5C3C9AE6901} = {A7B390EE-484F-4A42-81F5-BBCC291C8AAD}
		{F9DDBD35-0391-45C4-93AC-6C5B9D05E07F} = {A7B390EE-484F-4A42-81F5-BBCC291C8AAD}
		{25DA2448-BAEF-4343-AFCB-5556753720F4} = {A7B390EE-484F-4A42-81F5-BBCC291C8AAD}
		{09765B3D-AEE4-427C-A7AC-458FEE893FB0} = {202BB752-3B5A-4AE9-8BA0-D1225C9A9E33}
		{78BD6DDC-132A-4BBC-A459-E2D91AAE6CE3} = {202BB752-3B5A-4AE9-8BA0-D1225C9A9E33}
		{9E41362E-96C7-4986-ABE2-3364D732EBB4} = {202BB752-3B5A-4AE9-8BA0-D1225C9A9E33}
		{8AFBA4DA-30F9-43AD-9CC3-E300B9A3F7BF} = {206DC9EE-021B-41AD-8DBA-67E0E86E1DB7}
		{E1162336-8EF2-4FA1-B08D-73671831D891} = {206DC9EE-021B-41AD-8DBA-67E0E86E1DB7}
		{C50534C0-352E-4F3D-B4A7-C156FCD8F1A2} = {206DC9EE-021B-41AD-8DBA-67E0E86E1DB7}
		{8C766914-F86B-4F11-8E93-4686815AFC92} = {5B5F4CFD-5AC2-475C-85FE-9B65425AE60B}
		{606C41B8-FD63-415B-A03A-8FBBDF431236} = {5B5F4CFD-5AC2-475C-85FE-9B65425AE60B}
		{DCB43999-09D8-415A-98EB-060AAB620F37} = {5B5F4CFD-5AC2-475C-85FE-9B65425AE60B}
	EndGlobalSection
EndGlobal
